{
  "name": "@solanacore/bonding_curve",
  "version": "0.0.4",
  "lockfileVersion": 3,
  "requires": true,
  "packages": {
    "": {
      "name": "@solanacore/bonding_curve",
      "version": "0.0.4",
      "license": "MIT",
      "dependencies": {
        "@solana/kit": "^2.1.1",
        "@solanacore/bonding_curve": "^0.0.1",
        "prettier": "^3.6.1",
        "tsc": "^2.0.4",
        "typescript": "^5.8.3"
      },
      "devDependencies": {
        "@types/node": "^24.0.6"
      }
    },
    "node_modules/@solana/accounts": {
      "version": "2.2.1",
      "resolved": "https://registry.npmjs.org/@solana/accounts/-/accounts-2.2.1.tgz",
      "integrity": "sha512-ER0WFzCKB7FSbcY0rZqVaqi8HmkVBCu/k92R5hvVfIrxykElGiRGzXRV/4A8HZUfZGA3Vif+6p3DJ9jumHVGdw==",
      "license": "MIT",
      "dependencies": {
        "@solana/addresses": "2.2.1",
        "@solana/codecs-core": "2.2.1",
        "@solana/codecs-strings": "2.2.1",
        "@solana/errors": "2.2.1",
        "@solana/rpc-spec": "2.2.1",
        "@solana/rpc-types": "2.2.1"
      },
      "engines": {
        "node": ">=20.18.0"
      },
      "peerDependencies": {
        "typescript": ">=5.3.3"
      }
    },
    "node_modules/@solana/addresses": {
      "version": "2.2.1",
      "resolved": "https://registry.npmjs.org/@solana/addresses/-/addresses-2.2.1.tgz",
      "integrity": "sha512-PpaGtoghW2z1YJ2yyHm9OPKxmEVnLHuZWRxV/iKgslsMigy3ZuTV8HbmrzVP3idPzVjvcl/pmOQqpwq8Wm8Dkw==",
      "license": "MIT",
      "dependencies": {
        "@solana/assertions": "2.2.1",
        "@solana/codecs-core": "2.2.1",
        "@solana/codecs-strings": "2.2.1",
        "@solana/errors": "2.2.1",
        "@solana/nominal-types": "2.2.1"
      },
      "engines": {
        "node": ">=20.18.0"
      },
      "peerDependencies": {
        "typescript": ">=5.3.3"
      }
    },
    "node_modules/@solana/assertions": {
      "version": "2.2.1",
      "resolved": "https://registry.npmjs.org/@solana/assertions/-/assertions-2.2.1.tgz",
      "integrity": "sha512-yJ3o/fva0iBbqEsmiXh0WsmNACyJpupT8VOf7TTXwqwDF40fMJE0aU+szVcpuLxf9MTmGZuFIZF1F/NWdAvZ5A==",
      "license": "MIT",
      "dependencies": {
        "@solana/errors": "2.2.1"
      },
      "engines": {
        "node": ">=20.18.0"
      },
      "peerDependencies": {
        "typescript": ">=5.3.3"
      }
    },
    "node_modules/@solana/codecs": {
      "version": "2.2.1",
      "resolved": "https://registry.npmjs.org/@solana/codecs/-/codecs-2.2.1.tgz",
      "integrity": "sha512-IOm/ZjfZb7dJQ+9IeFeqZSWbE5YPTICj8noqQxE6Dvx3obDxZXf55qaa3CD8ShsUjwmuPo/LLQBlCwXkQE9qiQ==",
      "license": "MIT",
      "dependencies": {
        "@solana/codecs-core": "2.2.1",
        "@solana/codecs-data-structures": "2.2.1",
        "@solana/codecs-numbers": "2.2.1",
        "@solana/codecs-strings": "2.2.1",
        "@solana/options": "2.2.1"
      },
      "engines": {
        "node": ">=20.18.0"
      },
      "peerDependencies": {
        "typescript": ">=5.3.3"
      }
    },
    "node_modules/@solana/codecs-core": {
      "version": "2.2.1",
      "resolved": "https://registry.npmjs.org/@solana/codecs-core/-/codecs-core-2.2.1.tgz",
      "integrity": "sha512-ZW1kTmvqhQhk/jMDo7wZgApn1Lf+d3AecHF6bcWPVSr+KlGLtWZL0wcP+0tnsncPhvG28pZxRR57f4TUylSA7Q==",
      "license": "MIT",
      "dependencies": {
        "@solana/errors": "2.2.1"
      },
      "engines": {
        "node": ">=20.18.0"
      },
      "peerDependencies": {
        "typescript": ">=5.3.3"
      }
    },
    "node_modules/@solana/codecs-data-structures": {
      "version": "2.2.1",
      "resolved": "https://registry.npmjs.org/@solana/codecs-data-structures/-/codecs-data-structures-2.2.1.tgz",
      "integrity": "sha512-HsvFs+yZ5+tceBPgHpUvgFuAJHa/yjXhsxFMeVJDuK6PzA/CrNZw49xooarHFr52QjsNMdLCY4Vb0DfC+IRKrA==",
      "license": "MIT",
      "dependencies": {
        "@solana/codecs-core": "2.2.1",
        "@solana/codecs-numbers": "2.2.1",
        "@solana/errors": "2.2.1"
      },
      "engines": {
        "node": ">=20.18.0"
      },
      "peerDependencies": {
        "typescript": ">=5.3.3"
      }
    },
    "node_modules/@solana/codecs-numbers": {
      "version": "2.2.1",
      "resolved": "https://registry.npmjs.org/@solana/codecs-numbers/-/codecs-numbers-2.2.1.tgz",
      "integrity": "sha512-qlJHWZFGzhMa7R6EZXNM/ycINGrR4lzBQjwFMs2pXnCxqKTI3Vru0f4kSh0qqf6U1bjNLaYXTMniqETX6ANpzg==",
      "license": "MIT",
      "dependencies": {
        "@solana/codecs-core": "2.2.1",
        "@solana/errors": "2.2.1"
      },
      "engines": {
        "node": ">=20.18.0"
      },
      "peerDependencies": {
        "typescript": ">=5.3.3"
      }
    },
    "node_modules/@solana/codecs-strings": {
      "version": "2.2.1",
      "resolved": "https://registry.npmjs.org/@solana/codecs-strings/-/codecs-strings-2.2.1.tgz",
      "integrity": "sha512-iC/j//whtHg8+fXkwEJcIx+9uc6amGl7QwP2j9mt+bn2OLZimjzzoOXFtahspRPLDyiDb0g3UKyWGHnRKxRtjQ==",
      "license": "MIT",
      "dependencies": {
        "@solana/codecs-core": "2.2.1",
        "@solana/codecs-numbers": "2.2.1",
        "@solana/errors": "2.2.1"
      },
      "engines": {
        "node": ">=20.18.0"
      },
      "peerDependencies": {
        "fastestsmallesttextencoderdecoder": "^1.0.22",
        "typescript": ">=5.3.3"
      }
    },
    "node_modules/@solana/errors": {
      "version": "2.2.1",
      "resolved": "https://registry.npmjs.org/@solana/errors/-/errors-2.2.1.tgz",
      "integrity": "sha512-BiCivvqhNsg5BiWTshsRwGC/866ycfAxj/KMV+uH9pKohXyEENXedgj6U3fAIJiJLdSFya61CLl2EnDygnUPBg==",
      "license": "MIT",
      "dependencies": {
        "chalk": "^5.4.1",
        "commander": "^13.1.0"
      },
      "bin": {
        "errors": "bin/cli.mjs"
      },
      "engines": {
        "node": ">=20.18.0"
      },
      "peerDependencies": {
        "typescript": ">=5.3.3"
      }
    },
    "node_modules/@solana/fast-stable-stringify": {
      "version": "2.2.1",
      "resolved": "https://registry.npmjs.org/@solana/fast-stable-stringify/-/fast-stable-stringify-2.2.1.tgz",
      "integrity": "sha512-AQclweD4HYuYUJawle+Ut3heZRd8gifcKCIWc4bi9joNDGrwRFfmZXN/VJwBjqMfto/gf2dw13HoUIOk1va/Sw==",
      "license": "MIT",
      "engines": {
        "node": ">=20.18.0"
      },
      "peerDependencies": {
        "typescript": ">=5.3.3"
      }
    },
    "node_modules/@solana/functional": {
      "version": "2.2.1",
      "resolved": "https://registry.npmjs.org/@solana/functional/-/functional-2.2.1.tgz",
      "integrity": "sha512-GafhYZMx/6oWSkNxzLYTVAElbkx3quX3hERvp4Gxic/RjInVWt0H7jlFevNqnB6aa/vh6Q26Y4n6gAmizN8f5A==",
      "license": "MIT",
      "engines": {
        "node": ">=20.18.0"
      },
      "peerDependencies": {
        "typescript": ">=5.3.3"
      }
    },
    "node_modules/@solana/instructions": {
      "version": "2.2.1",
      "resolved": "https://registry.npmjs.org/@solana/instructions/-/instructions-2.2.1.tgz",
      "integrity": "sha512-Zy6+mqr76kTUHMemMoyiHh35k8PNLo7XqWIpmUFXWwB742g8pwR198/3mMz5H55/wp1SuFU3MpmWe6A7YozRaQ==",
      "license": "MIT",
      "dependencies": {
        "@solana/codecs-core": "2.2.1",
        "@solana/errors": "2.2.1"
      },
      "engines": {
        "node": ">=20.18.0"
      },
      "peerDependencies": {
        "typescript": ">=5.3.3"
      }
    },
    "node_modules/@solana/keys": {
      "version": "2.2.1",
      "resolved": "https://registry.npmjs.org/@solana/keys/-/keys-2.2.1.tgz",
      "integrity": "sha512-AaYdtiRcnptkdWO4rvz0LG0SKhriYU9bsGA7kAZk7Hhxhf9pGTib/TnT8YMW3xlUVCblaorN7QQwyzhXObG0qA==",
      "license": "MIT",
      "dependencies": {
        "@solana/assertions": "2.2.1",
        "@solana/codecs-core": "2.2.1",
        "@solana/codecs-strings": "2.2.1",
        "@solana/errors": "2.2.1",
        "@solana/nominal-types": "2.2.1"
      },
      "engines": {
        "node": ">=20.18.0"
      },
      "peerDependencies": {
        "typescript": ">=5.3.3"
      }
    },
    "node_modules/@solana/kit": {
      "version": "2.2.1",
      "resolved": "https://registry.npmjs.org/@solana/kit/-/kit-2.2.1.tgz",
      "integrity": "sha512-JnWdsm2aPvNiwY3cWe7EjEhwFBnpk/BA5UZtTEgN1ej+sJg/5XjtU/+5gUi8NSeYDX7UMRbnKbiplHZOy0DiDw==",
      "license": "MIT",
      "dependencies": {
        "@solana/accounts": "2.2.1",
        "@solana/addresses": "2.2.1",
        "@solana/codecs": "2.2.1",
        "@solana/errors": "2.2.1",
        "@solana/functional": "2.2.1",
        "@solana/instructions": "2.2.1",
        "@solana/keys": "2.2.1",
        "@solana/programs": "2.2.1",
        "@solana/rpc": "2.2.1",
        "@solana/rpc-parsed-types": "2.2.1",
        "@solana/rpc-spec-types": "2.2.1",
        "@solana/rpc-subscriptions": "2.2.1",
        "@solana/rpc-types": "2.2.1",
        "@solana/signers": "2.2.1",
        "@solana/sysvars": "2.2.1",
        "@solana/transaction-confirmation": "2.2.1",
        "@solana/transaction-messages": "2.2.1",
        "@solana/transactions": "2.2.1"
      },
      "engines": {
        "node": ">=20.18.0"
      },
      "peerDependencies": {
        "typescript": ">=5.3.3"
      }
    },
    "node_modules/@solana/nominal-types": {
      "version": "2.2.1",
      "resolved": "https://registry.npmjs.org/@solana/nominal-types/-/nominal-types-2.2.1.tgz",
      "integrity": "sha512-/9HTEbFjp2Ty3dPaboONIiRUr2fkVtAI2iAIfoVzkUZvkDwRvJK7fqQfOQOpS8Q8491o5rqu867guDJrXy60AA==",
      "license": "MIT",
      "engines": {
        "node": ">=20.18.0"
      },
      "peerDependencies": {
        "typescript": ">=5.3.3"
      }
    },
    "node_modules/@solana/options": {
      "version": "2.2.1",
      "resolved": "https://registry.npmjs.org/@solana/options/-/options-2.2.1.tgz",
      "integrity": "sha512-wytheS66Ge/7jC2O+oT30U1L0PeIWlgqjTEOdFA3NfBhWo3ZfUKNLoUQeOP9USByJ3kUTDD1yti+qrp67GiItA==",
      "license": "MIT",
      "dependencies": {
        "@solana/codecs-core": "2.2.1",
        "@solana/codecs-data-structures": "2.2.1",
        "@solana/codecs-numbers": "2.2.1",
        "@solana/codecs-strings": "2.2.1",
        "@solana/errors": "2.2.1"
      },
      "engines": {
        "node": ">=20.18.0"
      },
      "peerDependencies": {
        "typescript": ">=5.3.3"
      }
    },
    "node_modules/@solana/programs": {
      "version": "2.2.1",
      "resolved": "https://registry.npmjs.org/@solana/programs/-/programs-2.2.1.tgz",
      "integrity": "sha512-CP0WQTgrwsghajMJ70kwI/KR5vmNCtfrN2JKLEzHEms3x2Fd8Kg0Ccablgeo6RdASBr8o1CulCg7UHO38XXbMA==",
      "license": "MIT",
      "dependencies": {
        "@solana/addresses": "2.2.1",
        "@solana/errors": "2.2.1"
      },
      "engines": {
        "node": ">=20.18.0"
      },
      "peerDependencies": {
        "typescript": ">=5.3.3"
      }
    },
    "node_modules/@solana/promises": {
      "version": "2.2.1",
      "resolved": "https://registry.npmjs.org/@solana/promises/-/promises-2.2.1.tgz",
      "integrity": "sha512-CBHz9YxQjNsOL8XA+m16O4m51O7niKBKdjv2JXdFEr5yhleCzuCClf8IKytB0hYQbHPh7k0QFflBBNK74VxByw==",
      "license": "MIT",
      "engines": {
        "node": ">=20.18.0"
      },
      "peerDependencies": {
        "typescript": ">=5.3.3"
      }
    },
    "node_modules/@solana/rpc": {
      "version": "2.2.1",
      "resolved": "https://registry.npmjs.org/@solana/rpc/-/rpc-2.2.1.tgz",
      "integrity": "sha512-1+vxbE8Abahx1SHiOA5ztzBTDwbrCGj6TzFur41Oyx56wjdeWM28O4YZy1y0bSkwIfm7sgU4uBomZwWzKMzYLQ==",
      "license": "MIT",
      "dependencies": {
        "@solana/errors": "2.2.1",
        "@solana/fast-stable-stringify": "2.2.1",
        "@solana/functional": "2.2.1",
        "@solana/rpc-api": "2.2.1",
        "@solana/rpc-spec": "2.2.1",
        "@solana/rpc-spec-types": "2.2.1",
        "@solana/rpc-transformers": "2.2.1",
        "@solana/rpc-transport-http": "2.2.1",
        "@solana/rpc-types": "2.2.1"
      },
      "engines": {
        "node": ">=20.18.0"
      },
      "peerDependencies": {
        "typescript": ">=5.3.3"
      }
    },
    "node_modules/@solana/rpc-api": {
      "version": "2.2.1",
      "resolved": "https://registry.npmjs.org/@solana/rpc-api/-/rpc-api-2.2.1.tgz",
      "integrity": "sha512-5gagodQi29JLWUnPZusDMqYWX7AG9ElYvgscWqfeqm/aQP4JMvkdhVkqYRM5vfRuKtyXtmipka8nD+4XyVGfKA==",
      "license": "MIT",
      "dependencies": {
        "@solana/addresses": "2.2.1",
        "@solana/codecs-core": "2.2.1",
        "@solana/codecs-strings": "2.2.1",
        "@solana/errors": "2.2.1",
        "@solana/keys": "2.2.1",
        "@solana/rpc-parsed-types": "2.2.1",
        "@solana/rpc-spec": "2.2.1",
        "@solana/rpc-transformers": "2.2.1",
        "@solana/rpc-types": "2.2.1",
        "@solana/transaction-messages": "2.2.1",
        "@solana/transactions": "2.2.1"
      },
      "engines": {
        "node": ">=20.18.0"
      },
      "peerDependencies": {
        "typescript": ">=5.3.3"
      }
    },
    "node_modules/@solana/rpc-parsed-types": {
      "version": "2.2.1",
      "resolved": "https://registry.npmjs.org/@solana/rpc-parsed-types/-/rpc-parsed-types-2.2.1.tgz",
      "integrity": "sha512-4SR5GZOnqviuvb9qco8AZvHSN45FRTzcnNsqXIKJsy4kfuoqc0n0LnzjElvny0DlE3QrVwjBAko7O893m1aiWQ==",
      "license": "MIT",
      "engines": {
        "node": ">=20.18.0"
      },
      "peerDependencies": {
        "typescript": ">=5.3.3"
      }
    },
    "node_modules/@solana/rpc-spec": {
      "version": "2.2.1",
      "resolved": "https://registry.npmjs.org/@solana/rpc-spec/-/rpc-spec-2.2.1.tgz",
      "integrity": "sha512-1/OpJYIKOg/vqm2ZOJmR139X/J91bkDtFhAC3hvcOhfK2oBVmW+E2p0ifHFPBhmTiPXEwdFd29sT3i3baun5Hw==",
      "license": "MIT",
      "dependencies": {
        "@solana/errors": "2.2.1",
        "@solana/rpc-spec-types": "2.2.1"
      },
      "engines": {
        "node": ">=20.18.0"
      },
      "peerDependencies": {
        "typescript": ">=5.3.3"
      }
    },
    "node_modules/@solana/rpc-spec-types": {
      "version": "2.2.1",
      "resolved": "https://registry.npmjs.org/@solana/rpc-spec-types/-/rpc-spec-types-2.2.1.tgz",
      "integrity": "sha512-5e1fO7s0XYR4t0CFguxwOPx/1OUmO1MdIYA4U/jl5UISweExh1ZmF58nXI+P21GiAuzZ5mSDpnVvEZA73zGF9g==",
      "license": "MIT",
      "engines": {
        "node": ">=20.18.0"
      },
      "peerDependencies": {
        "typescript": ">=5.3.3"
      }
    },
    "node_modules/@solana/rpc-subscriptions": {
      "version": "2.2.1",
      "resolved": "https://registry.npmjs.org/@solana/rpc-subscriptions/-/rpc-subscriptions-2.2.1.tgz",
      "integrity": "sha512-9i1G7Ul5jFCR+imsSWvnw47rgGtYmsFh41ugKF77oWTdUnGuLpAIU1gnhFGkL8mFv4P1Zo0mCIdilfIFuqgM1Q==",
      "license": "MIT",
      "dependencies": {
        "@solana/errors": "2.2.1",
        "@solana/fast-stable-stringify": "2.2.1",
        "@solana/functional": "2.2.1",
        "@solana/promises": "2.2.1",
        "@solana/rpc-spec-types": "2.2.1",
        "@solana/rpc-subscriptions-api": "2.2.1",
        "@solana/rpc-subscriptions-channel-websocket": "2.2.1",
        "@solana/rpc-subscriptions-spec": "2.2.1",
        "@solana/rpc-transformers": "2.2.1",
        "@solana/rpc-types": "2.2.1",
        "@solana/subscribable": "2.2.1"
      },
      "engines": {
        "node": ">=20.18.0"
      },
      "peerDependencies": {
        "typescript": ">=5.3.3"
      }
    },
    "node_modules/@solana/rpc-subscriptions-api": {
      "version": "2.2.1",
      "resolved": "https://registry.npmjs.org/@solana/rpc-subscriptions-api/-/rpc-subscriptions-api-2.2.1.tgz",
      "integrity": "sha512-N9aInBLrP3ipIt+MfT+EiaHyGoxOh7xXsXLuqJ8YlnzJ2DcT9IsFnwKysucbIf+ZFK++9tmbFbfWSFQX14Ngog==",
      "license": "MIT",
      "dependencies": {
        "@solana/addresses": "2.2.1",
        "@solana/keys": "2.2.1",
        "@solana/rpc-subscriptions-spec": "2.2.1",
        "@solana/rpc-transformers": "2.2.1",
        "@solana/rpc-types": "2.2.1",
        "@solana/transaction-messages": "2.2.1",
        "@solana/transactions": "2.2.1"
      },
      "engines": {
        "node": ">=20.18.0"
      },
      "peerDependencies": {
        "typescript": ">=5.3.3"
      }
    },
    "node_modules/@solana/rpc-subscriptions-channel-websocket": {
      "version": "2.2.1",
      "resolved": "https://registry.npmjs.org/@solana/rpc-subscriptions-channel-websocket/-/rpc-subscriptions-channel-websocket-2.2.1.tgz",
      "integrity": "sha512-BPp+pkfNOQH1aVtblg6AxZGdGqp+sIqzBIxDy2tRcDOlu+1ogyHPhbbmYCB/Hdy64DDmqYqp1CcXFKpL3y69tQ==",
      "license": "MIT",
      "dependencies": {
        "@solana/errors": "2.2.1",
        "@solana/functional": "2.2.1",
        "@solana/rpc-subscriptions-spec": "2.2.1",
        "@solana/subscribable": "2.2.1"
      },
      "engines": {
        "node": ">=20.18.0"
      },
      "peerDependencies": {
        "typescript": ">=5.3.3",
        "ws": "^8.18.0"
      }
    },
    "node_modules/@solana/rpc-subscriptions-spec": {
      "version": "2.2.1",
      "resolved": "https://registry.npmjs.org/@solana/rpc-subscriptions-spec/-/rpc-subscriptions-spec-2.2.1.tgz",
      "integrity": "sha512-NEwyHtmwU9WLxDy5cSF8/VgRtWvJM2/tm7PEKQeOCLJkC0weBGt/xrevOgjKJRaVUG8+0iBB4xFtCvWZFKHXAg==",
      "license": "MIT",
      "dependencies": {
        "@solana/errors": "2.2.1",
        "@solana/promises": "2.2.1",
        "@solana/rpc-spec-types": "2.2.1",
        "@solana/subscribable": "2.2.1"
      },
      "engines": {
        "node": ">=20.18.0"
      },
      "peerDependencies": {
        "typescript": ">=5.3.3"
      }
    },
    "node_modules/@solana/rpc-transformers": {
      "version": "2.2.1",
      "resolved": "https://registry.npmjs.org/@solana/rpc-transformers/-/rpc-transformers-2.2.1.tgz",
      "integrity": "sha512-X/V1+9zpqOGs4A5eZ3qOhXsToXLIizfoHFV33RXY5ltqDfrGgah1NGOS/sbn/Fv6rqFZyhnnGl+HyIo8yPUO1A==",
      "license": "MIT",
      "dependencies": {
        "@solana/errors": "2.2.1",
        "@solana/functional": "2.2.1",
        "@solana/nominal-types": "2.2.1",
        "@solana/rpc-spec-types": "2.2.1",
        "@solana/rpc-types": "2.2.1"
      },
      "engines": {
        "node": ">=20.18.0"
      },
      "peerDependencies": {
        "typescript": ">=5.3.3"
      }
    },
    "node_modules/@solana/rpc-transport-http": {
      "version": "2.2.1",
      "resolved": "https://registry.npmjs.org/@solana/rpc-transport-http/-/rpc-transport-http-2.2.1.tgz",
      "integrity": "sha512-5yZDzGdlmht53h0rov0EqvK6Sh1VM8QJuln7ZuENvbY8UD8PdW37PM+/bvkmhABKxnwocx7BR0jo7dPsA+AV/w==",
      "license": "MIT",
      "dependencies": {
        "@solana/errors": "2.2.1",
        "@solana/rpc-spec": "2.2.1",
        "@solana/rpc-spec-types": "2.2.1",
        "undici-types": "^7.9.0"
      },
      "engines": {
        "node": ">=20.18.0"
      },
      "peerDependencies": {
        "typescript": ">=5.3.3"
      }
    },
    "node_modules/@solana/rpc-types": {
      "version": "2.2.1",
      "resolved": "https://registry.npmjs.org/@solana/rpc-types/-/rpc-types-2.2.1.tgz",
      "integrity": "sha512-JUpSJV5ffWaEMdz7a3Pm8ctNxNHV1tpOu7qz+X3N9wJMAp82zUg4wxHZ0iQjda4sQK2ahRHw7z8PPnsRQsBM/A==",
      "license": "MIT",
      "dependencies": {
        "@solana/addresses": "2.2.1",
        "@solana/codecs-core": "2.2.1",
        "@solana/codecs-numbers": "2.2.1",
        "@solana/codecs-strings": "2.2.1",
        "@solana/errors": "2.2.1",
        "@solana/nominal-types": "2.2.1"
      },
      "engines": {
        "node": ">=20.18.0"
      },
      "peerDependencies": {
        "typescript": ">=5.3.3"
      }
    },
    "node_modules/@solana/signers": {
      "version": "2.2.1",
      "resolved": "https://registry.npmjs.org/@solana/signers/-/signers-2.2.1.tgz",
      "integrity": "sha512-HxNqY1URLjeyDo+NRnULO8IQHx43Bm/Xg1JAN5khpTKfTMkvJzSwAwjAj0LbbVfYR01Q7aRCFsuA2OfbfsPkSg==",
      "license": "MIT",
      "dependencies": {
        "@solana/addresses": "2.2.1",
        "@solana/codecs-core": "2.2.1",
        "@solana/errors": "2.2.1",
        "@solana/instructions": "2.2.1",
        "@solana/keys": "2.2.1",
        "@solana/nominal-types": "2.2.1",
        "@solana/transaction-messages": "2.2.1",
        "@solana/transactions": "2.2.1"
      },
      "engines": {
        "node": ">=20.18.0"
      },
      "peerDependencies": {
        "typescript": ">=5.3.3"
      }
    },
    "node_modules/@solana/subscribable": {
      "version": "2.2.1",
      "resolved": "https://registry.npmjs.org/@solana/subscribable/-/subscribable-2.2.1.tgz",
      "integrity": "sha512-7uRA8Gs/i2F6Wkq97xQ9IS4HLewn1gLm7siEr/JNMr/FNWjaa9S7Vs3U9/ni9l82JTn7YwpqcWfIZVJgaKQUCA==",
      "license": "MIT",
      "dependencies": {
        "@solana/errors": "2.2.1"
      },
      "engines": {
        "node": ">=20.18.0"
      },
      "peerDependencies": {
        "typescript": ">=5.3.3"
      }
    },
    "node_modules/@solana/sysvars": {
      "version": "2.2.1",
      "resolved": "https://registry.npmjs.org/@solana/sysvars/-/sysvars-2.2.1.tgz",
      "integrity": "sha512-UG1gKnGxjQcRSR0NIIr7iypgxjo3gfS67OVxig+IKSJ7+SPf315bkQKhzBYjzasUKkTsBFqJeAD97vAPWQ6cKg==",
      "license": "MIT",
      "dependencies": {
        "@solana/accounts": "2.2.1",
        "@solana/codecs": "2.2.1",
        "@solana/errors": "2.2.1",
        "@solana/rpc-types": "2.2.1"
      },
      "engines": {
        "node": ">=20.18.0"
      },
      "peerDependencies": {
        "typescript": ">=5.3.3"
      }
    },
    "node_modules/@solana/transaction-confirmation": {
      "version": "2.2.1",
      "resolved": "https://registry.npmjs.org/@solana/transaction-confirmation/-/transaction-confirmation-2.2.1.tgz",
      "integrity": "sha512-1Go8ybsYSwqwdE0qX0L9t7xcBAAi0s+qjiZxtabxOI4LPV78+HPyYu5ZxW5Ky69GwRa8d8XjEQPT6Te+sHtMmA==",
      "license": "MIT",
      "dependencies": {
        "@solana/addresses": "2.2.1",
        "@solana/codecs-strings": "2.2.1",
        "@solana/errors": "2.2.1",
        "@solana/keys": "2.2.1",
        "@solana/promises": "2.2.1",
        "@solana/rpc": "2.2.1",
        "@solana/rpc-subscriptions": "2.2.1",
        "@solana/rpc-types": "2.2.1",
        "@solana/transaction-messages": "2.2.1",
        "@solana/transactions": "2.2.1"
      },
      "engines": {
        "node": ">=20.18.0"
      },
      "peerDependencies": {
        "typescript": ">=5.3.3"
      }
    },
    "node_modules/@solana/transaction-messages": {
      "version": "2.2.1",
      "resolved": "https://registry.npmjs.org/@solana/transaction-messages/-/transaction-messages-2.2.1.tgz",
      "integrity": "sha512-C96w1AHxuckYuoNYkLlEn4q6QN/wUlp62v7+W44lge8cbD3PhiM/rbIPJmIyUnCM14/+EXhSMs27434vFyv+CA==",
      "license": "MIT",
      "dependencies": {
        "@solana/addresses": "2.2.1",
        "@solana/codecs-core": "2.2.1",
        "@solana/codecs-data-structures": "2.2.1",
        "@solana/codecs-numbers": "2.2.1",
        "@solana/errors": "2.2.1",
        "@solana/functional": "2.2.1",
        "@solana/instructions": "2.2.1",
        "@solana/nominal-types": "2.2.1",
        "@solana/rpc-types": "2.2.1"
      },
      "engines": {
        "node": ">=20.18.0"
      },
      "peerDependencies": {
        "typescript": ">=5.3.3"
      }
    },
    "node_modules/@solana/transactions": {
      "version": "2.2.1",
      "resolved": "https://registry.npmjs.org/@solana/transactions/-/transactions-2.2.1.tgz",
      "integrity": "sha512-cPR3rN2xkhPZIJ70gvhKn5bpW3MpzH77aeO+Hnzrbtk4ogDHSvadqOAHSAfYyTDleCdkHGA0uVfpnxrpPqY3Vw==",
      "license": "MIT",
      "dependencies": {
        "@solana/addresses": "2.2.1",
        "@solana/codecs-core": "2.2.1",
        "@solana/codecs-data-structures": "2.2.1",
        "@solana/codecs-numbers": "2.2.1",
        "@solana/codecs-strings": "2.2.1",
        "@solana/errors": "2.2.1",
        "@solana/functional": "2.2.1",
        "@solana/instructions": "2.2.1",
        "@solana/keys": "2.2.1",
        "@solana/nominal-types": "2.2.1",
        "@solana/rpc-types": "2.2.1",
        "@solana/transaction-messages": "2.2.1"
      },
      "engines": {
        "node": ">=20.18.0"
      },
      "peerDependencies": {
        "typescript": ">=5.3.3"
      }
    },
    "node_modules/@solanacore/bonding_curve": {
      "version": "0.0.1",
      "resolved": "https://registry.npmjs.org/@solanacore/bonding_curve/-/bonding_curve-0.0.1.tgz",
      "integrity": "sha512-OOCii5QoB6wbCmz4dtvOIa/89wYDSsg60AzSMgkw4X6PNOwC9ea5WuyYB4tG/3Pw+ZQauLG6ey4LQyZ7DCXmXw==",
      "license": "MIT",
      "dependencies": {
        "@solana/kit": "^2.1.1",
        "prettier": "^3.6.1",
        "tsc": "^2.0.4",
        "typescript": "^5.8.3"
      }
    },
    "node_modules/@types/node": {
      "version": "24.0.10",
      "resolved": "https://registry.npmjs.org/@types/node/-/node-24.0.10.tgz",
      "integrity": "sha512-ENHwaH+JIRTDIEEbDK6QSQntAYGtbvdDXnMXnZaZ6k13Du1dPMmprkEHIL7ok2Wl2aZevetwTAb5S+7yIF+enA==",
      "dev": true,
      "dependencies": {
        "undici-types": "~7.8.0"
      }
    },
    "node_modules/@types/node/node_modules/undici-types": {
      "version": "7.8.0",
      "resolved": "https://registry.npmjs.org/undici-types/-/undici-types-7.8.0.tgz",
      "integrity": "sha512-9UJ2xGDvQ43tYyVMpuHlsgApydB8ZKfVYTsLDhXkFL/6gfkp+U8xTGdh8pMJv1SpZna0zxG1DwsKZsreLbXBxw==",
      "dev": true,
      "license": "MIT"
    },
    "node_modules/chalk": {
      "version": "5.4.1",
      "resolved": "https://registry.npmjs.org/chalk/-/chalk-5.4.1.tgz",
      "integrity": "sha512-zgVZuo2WcZgfUEmsn6eO3kINexW8RAE4maiQ8QNs8CtpPCSyMiYsULR3HQYkm3w8FIA3SberyMJMSldGsW+U3w==",
      "license": "MIT",
      "engines": {
        "node": "^12.17.0 || ^14.13 || >=16.0.0"
      },
      "funding": {
        "url": "https://github.com/chalk/chalk?sponsor=1"
      }
    },
    "node_modules/commander": {
      "version": "13.1.0",
      "resolved": "https://registry.npmjs.org/commander/-/commander-13.1.0.tgz",
      "integrity": "sha512-/rFeCpNJQbhSZjGVwO9RFV3xPqbnERS8MmIQzCtD/zl6gpJuV/bMLuN92oG3F7d8oDEHHRrujSXNUr8fpjntKw==",
      "license": "MIT",
      "engines": {
        "node": ">=18"
      }
    },
    "node_modules/fastestsmallesttextencoderdecoder": {
      "version": "1.0.22",
      "resolved": "https://registry.npmjs.org/fastestsmallesttextencoderdecoder/-/fastestsmallesttextencoderdecoder-1.0.22.tgz",
      "integrity": "sha512-Pb8d48e+oIuY4MaM64Cd7OW1gt4nxCHs7/ddPPZ/Ic3sg8yVGM7O9wDvZ7us6ScaUupzM+pfBolwtYhN1IxBIw==",
      "license": "CC0-1.0",
      "peer": true
    },
    "node_modules/prettier": {
      "version": "3.6.2",
      "resolved": "https://registry.npmjs.org/prettier/-/prettier-3.6.2.tgz",
      "integrity": "sha512-I7AIg5boAr5R0FFtJ6rCfD+LFsWHp81dolrFD8S79U9tb8Az2nGrJncnMSnys+bpQJfRUzqs9hnA81OAA3hCuQ==",
      "license": "MIT",
      "bin": {
        "prettier": "bin/prettier.cjs"
      },
      "engines": {
        "node": ">=14"
      },
      "funding": {
        "url": "https://github.com/prettier/prettier?sponsor=1"
      }
    },
    "node_modules/tsc": {
      "version": "2.0.4",
      "resolved": "https://registry.npmjs.org/tsc/-/tsc-2.0.4.tgz",
      "integrity": "sha512-fzoSieZI5KKJVBYGvwbVZs/J5za84f2lSTLPYf6AGiIf43tZ3GNrI1QzTLcjtyDDP4aLxd46RTZq1nQxe7+k5Q==",
      "license": "MIT",
      "bin": {
        "tsc": "bin/tsc"
      }
    },
    "node_modules/typescript": {
      "version": "5.8.3",
      "resolved": "https://registry.npmjs.org/typescript/-/typescript-5.8.3.tgz",
      "integrity": "sha512-p1diW6TqL9L07nNxvRMM7hMMw4c5XOo/1ibL4aAIGmSAt9slTE1Xgw5KWuof2uTOvCg9BY7ZRi+GaF+7sfgPeQ==",
      "license": "Apache-2.0",
      "bin": {
        "tsc": "bin/tsc",
        "tsserver": "bin/tsserver"
      },
      "engines": {
        "node": ">=14.17"
      }
    },
    "node_modules/undici-types": {
      "version": "7.11.0",
      "resolved": "https://registry.npmjs.org/undici-types/-/undici-types-7.11.0.tgz",
      "integrity": "sha512-kt1ZriHTi7MU+Z/r9DOdAI3ONdaR3M3csEaRc6ewa4f4dTvX4cQCbJ4NkEn0ohE4hHtq85+PhPSTY+pO/1PwgA==",
      "license": "MIT"
    },
    "node_modules/ws": {
      "version": "8.18.3",
      "resolved": "https://registry.npmjs.org/ws/-/ws-8.18.3.tgz",
      "integrity": "sha512-PEIGCY5tSlUt50cqyMXfCzX+oOPqN0vuGqWzbcJ2xvnkzkq46oOpz7dQaTDBdfICb4N14+GARUDw2XV2N4tvzg==",
      "license": "MIT",
      "peer": true,
      "engines": {
        "node": ">=10.0.0"
      },
      "peerDependencies": {
        "bufferutil": "^4.0.1",
        "utf-8-validate": ">=5.0.2"
      },
      "peerDependenciesMeta": {
        "bufferutil": {
          "optional": true
        },
        "utf-8-validate": {
          "optional": true
        }
      }
    }
  }
}
