{
  "name": "@solanacore/bonding_curve",
  "version": "0.0.4",
  "lockfileVersion": 3,
  "requires": true,
  "packages": {
    "": {
      "name": "@solanacore/bonding_curve",
      "version": "0.0.4",
      "license": "MIT",
      "dependencies": {
        "@solana/kit": "^2.1.1",
        "@solanacore/bonding_curve": "^0.0.1",
        "prettier": "^3.6.1",
        "tsc": "^2.0.4",
        "typescript": "^5.8.3"
      },
      "devDependencies": {
        "@types/node": "^24.0.6"
      }
    },
    "node_modules/@solana/accounts": {
      "version": "2.2.0",
      "resolved": "https://registry.npmjs.org/@solana/accounts/-/accounts-2.2.0.tgz",
      "integrity": "sha512-80Yl61PwuVBneESYi8Da/v3CLhMg+UKsd1sRCUp5F6hgQky750eNRk6L3Rsv2wy5jdOvj+9OlpDlKoS2gSRMaA==",
      "dependencies": {
        "@solana/addresses": "2.2.0",
        "@solana/codecs-core": "2.2.0",
        "@solana/codecs-strings": "2.2.0",
        "@solana/errors": "2.2.0",
        "@solana/rpc-spec": "2.2.0",
        "@solana/rpc-types": "2.2.0"
      },
      "engines": {
        "node": ">=20.18.0"
      },
      "peerDependencies": {
        "typescript": ">=5.3.3"
      }
    },
    "node_modules/@solana/addresses": {
      "version": "2.2.0",
      "resolved": "https://registry.npmjs.org/@solana/addresses/-/addresses-2.2.0.tgz",
      "integrity": "sha512-RYr1naEtR6nOVuBQsiyRPEXGkq5xdM7AFtcUySgoqsjzxTHCaEdvOpefteqyodOk2JhdELaahiGQHN6jCdARdw==",
      "dependencies": {
        "@solana/assertions": "2.2.0",
        "@solana/codecs-core": "2.2.0",
        "@solana/codecs-strings": "2.2.0",
        "@solana/errors": "2.2.0",
        "@solana/nominal-types": "2.2.0"
      },
      "engines": {
        "node": ">=20.18.0"
      },
      "peerDependencies": {
        "typescript": ">=5.3.3"
      }
    },
    "node_modules/@solana/assertions": {
      "version": "2.2.0",
      "resolved": "https://registry.npmjs.org/@solana/assertions/-/assertions-2.2.0.tgz",
      "integrity": "sha512-LxcDV6SmElAu4LvXl1nLit9uh19s/4haYRDt5BCgl8OqvLV1tBw8mWTUwfVe0BYEiRvxOXu3h921ct4PlDa0Ig==",
      "dependencies": {
        "@solana/errors": "2.2.0"
      },
      "engines": {
        "node": ">=20.18.0"
      },
      "peerDependencies": {
        "typescript": ">=5.3.3"
      }
    },
    "node_modules/@solana/codecs": {
      "version": "2.2.0",
      "resolved": "https://registry.npmjs.org/@solana/codecs/-/codecs-2.2.0.tgz",
      "integrity": "sha512-Yz4AfaxpAHgoO9QDAkM+LwUyqT1/+cVDlwykrAnpVMOgdPD/gW1gHSBn+4jkAYQDRkVoPhPsgLMt7larqahGjA==",
      "dependencies": {
        "@solana/codecs-core": "2.2.0",
        "@solana/codecs-data-structures": "2.2.0",
        "@solana/codecs-numbers": "2.2.0",
        "@solana/codecs-strings": "2.2.0",
        "@solana/options": "2.2.0"
      },
      "engines": {
        "node": ">=20.18.0"
      },
      "peerDependencies": {
        "typescript": ">=5.3.3"
      }
    },
    "node_modules/@solana/codecs-core": {
      "version": "2.2.0",
      "resolved": "https://registry.npmjs.org/@solana/codecs-core/-/codecs-core-2.2.0.tgz",
      "integrity": "sha512-XRrxXy9oz3Q0jAHpeaHcqFDlGTzSabjijdMWjj1v20y6jw5oH0e5QjuafX3s2scJiKo5fBWmcVbod2Qd+niWxQ==",
      "dependencies": {
        "@solana/errors": "2.2.0"
      },
      "engines": {
        "node": ">=20.18.0"
      },
      "peerDependencies": {
        "typescript": ">=5.3.3"
      }
    },
    "node_modules/@solana/codecs-data-structures": {
      "version": "2.2.0",
      "resolved": "https://registry.npmjs.org/@solana/codecs-data-structures/-/codecs-data-structures-2.2.0.tgz",
      "integrity": "sha512-WYft63ZhdbQb9Se5eyQfb+IbXpL8o9mTGG7PFMjbbgRX28BbDkKvj6iglJyVWLLHzt6YVaC+cBXO9MtirtDvlw==",
      "dependencies": {
        "@solana/codecs-core": "2.2.0",
        "@solana/codecs-numbers": "2.2.0",
        "@solana/errors": "2.2.0"
      },
      "engines": {
        "node": ">=20.18.0"
      },
      "peerDependencies": {
        "typescript": ">=5.3.3"
      }
    },
    "node_modules/@solana/codecs-numbers": {
      "version": "2.2.0",
      "resolved": "https://registry.npmjs.org/@solana/codecs-numbers/-/codecs-numbers-2.2.0.tgz",
      "integrity": "sha512-i6HIXOpEfC3j0yeD1lpHzsvzeZ16NQ//blDxn4q+BpE8JSydm4L+X2rxJpQ05rmzYtDDE8pnKA2Ub0f8oMLU5w==",
      "dependencies": {
        "@solana/codecs-core": "2.2.0",
        "@solana/errors": "2.2.0"
      },
      "engines": {
        "node": ">=20.18.0"
      },
      "peerDependencies": {
        "typescript": ">=5.3.3"
      }
    },
    "node_modules/@solana/codecs-strings": {
      "version": "2.2.0",
      "resolved": "https://registry.npmjs.org/@solana/codecs-strings/-/codecs-strings-2.2.0.tgz",
      "integrity": "sha512-a+t3zf9wvBf7Mrxy1poafqq9vSTLH3/ip6BUWf6aF0aqVKOzzcOd/xcPUw23UIZn+kNsKKr30OU2qRd9Y+sqxw==",
      "dependencies": {
        "@solana/codecs-core": "2.2.0",
        "@solana/codecs-numbers": "2.2.0",
        "@solana/errors": "2.2.0"
      },
      "engines": {
        "node": ">=20.18.0"
      },
      "peerDependencies": {
        "fastestsmallesttextencoderdecoder": "^1.0.22",
        "typescript": ">=5.3.3"
      }
    },
    "node_modules/@solana/errors": {
      "version": "2.2.0",
      "resolved": "https://registry.npmjs.org/@solana/errors/-/errors-2.2.0.tgz",
      "integrity": "sha512-KItyBPyhRdSeGr8HLeMDSUiVCpwY1pr1evBmqs+IFN6BNWmFDplvROzc/HLqTmeM6D5JauuoYIYqtO81IL65pg==",
      "dependencies": {
        "chalk": "^5.4.1",
        "commander": "^13.1.0"
      },
      "bin": {
        "errors": "bin/cli.mjs"
      },
      "engines": {
        "node": ">=20.18.0"
      },
      "peerDependencies": {
        "typescript": ">=5.3.3"
      }
    },
    "node_modules/@solana/fast-stable-stringify": {
      "version": "2.2.0",
      "resolved": "https://registry.npmjs.org/@solana/fast-stable-stringify/-/fast-stable-stringify-2.2.0.tgz",
      "integrity": "sha512-lqBXw7xyLUtYxexw0zpxDgAimKwXi26ZO3Lv1vA1NG0izHFeNEugekunNTBnJhS2ECYZbmd0/+fjplGfzArMiA==",
      "engines": {
        "node": ">=20.18.0"
      },
      "peerDependencies": {
        "typescript": ">=5.3.3"
      }
    },
    "node_modules/@solana/functional": {
      "version": "2.2.0",
      "resolved": "https://registry.npmjs.org/@solana/functional/-/functional-2.2.0.tgz",
      "integrity": "sha512-I+vDwiFpaBMXZeRvxeQXdGn4cRM979lIeYfg+mnr95V2KmZVcaWYmVjzefwqRmj5suNpFYBFH0PWyaW1HEGt4g==",
      "engines": {
        "node": ">=20.18.0"
      },
      "peerDependencies": {
        "typescript": ">=5.3.3"
      }
    },
    "node_modules/@solana/instructions": {
      "version": "2.2.0",
      "resolved": "https://registry.npmjs.org/@solana/instructions/-/instructions-2.2.0.tgz",
      "integrity": "sha512-nWw+u1qzgkn7FNeUbkyz/fWdnIOyh3Q57O+a3ADl1QMDxEp2atR3ijAZ1/W69gQP3hLlBO/dsBGPMNzJ+95Hog==",
      "dependencies": {
        "@solana/codecs-core": "2.2.0",
        "@solana/errors": "2.2.0"
      },
      "engines": {
        "node": ">=20.18.0"
      },
      "peerDependencies": {
        "typescript": ">=5.3.3"
      }
    },
    "node_modules/@solana/keys": {
      "version": "2.2.0",
      "resolved": "https://registry.npmjs.org/@solana/keys/-/keys-2.2.0.tgz",
      "integrity": "sha512-PzS1YLkgFJEadPadJ99BvZW1NZ2bMSz/J7OEIu9mq1NRNOXuhvhI+H88kLF9iJQjPQOOzfybQ03I7CoFC7E8Uw==",
      "dependencies": {
        "@solana/assertions": "2.2.0",
        "@solana/codecs-core": "2.2.0",
        "@solana/codecs-strings": "2.2.0",
        "@solana/errors": "2.2.0",
        "@solana/nominal-types": "2.2.0"
      },
      "engines": {
        "node": ">=20.18.0"
      },
      "peerDependencies": {
        "typescript": ">=5.3.3"
      }
    },
    "node_modules/@solana/kit": {
      "version": "2.2.0",
      "resolved": "https://registry.npmjs.org/@solana/kit/-/kit-2.2.0.tgz",
      "integrity": "sha512-EfZA+usf6pN/Tu5BJsEO7VUQGf2eRaEfxSUmccvYwOXfCzxo+1h4bHXJ/NHw1WG4j3BX7ZCed4Z7ptm4zPLXPQ==",
      "dependencies": {
        "@solana/accounts": "2.2.0",
        "@solana/addresses": "2.2.0",
        "@solana/codecs": "2.2.0",
        "@solana/errors": "2.2.0",
        "@solana/functional": "2.2.0",
        "@solana/instructions": "2.2.0",
        "@solana/keys": "2.2.0",
        "@solana/programs": "2.2.0",
        "@solana/rpc": "2.2.0",
        "@solana/rpc-parsed-types": "2.2.0",
        "@solana/rpc-spec-types": "2.2.0",
        "@solana/rpc-subscriptions": "2.2.0",
        "@solana/rpc-types": "2.2.0",
        "@solana/signers": "2.2.0",
        "@solana/sysvars": "2.2.0",
        "@solana/transaction-confirmation": "2.2.0",
        "@solana/transaction-messages": "2.2.0",
        "@solana/transactions": "2.2.0"
      },
      "engines": {
        "node": ">=20.18.0"
      },
      "peerDependencies": {
        "typescript": ">=5.3.3"
      }
    },
    "node_modules/@solana/nominal-types": {
      "version": "2.2.0",
      "resolved": "https://registry.npmjs.org/@solana/nominal-types/-/nominal-types-2.2.0.tgz",
      "integrity": "sha512-NNc7yJ7ruJjibeTUUudFWG8IOV2fiFYfvQH97v85L4A402E956brs38PToTMvdvid5pgZCVTMcQATegmq5PM2w==",
      "engines": {
        "node": ">=20.18.0"
      },
      "peerDependencies": {
        "typescript": ">=5.3.3"
      }
    },
    "node_modules/@solana/options": {
      "version": "2.2.0",
      "resolved": "https://registry.npmjs.org/@solana/options/-/options-2.2.0.tgz",
      "integrity": "sha512-g5kN73MTV431r3g9Rn8amM3ANi6HV2K/HSiT6Hq/qhlNeMBoZHALkAAvaiHOcOHMl/PqFawCk3GUOTosdFNkYQ==",
      "dependencies": {
        "@solana/codecs-core": "2.2.0",
        "@solana/codecs-data-structures": "2.2.0",
        "@solana/codecs-numbers": "2.2.0",
        "@solana/codecs-strings": "2.2.0",
        "@solana/errors": "2.2.0"
      },
      "engines": {
        "node": ">=20.18.0"
      },
      "peerDependencies": {
        "typescript": ">=5.3.3"
      }
    },
    "node_modules/@solana/programs": {
      "version": "2.2.0",
      "resolved": "https://registry.npmjs.org/@solana/programs/-/programs-2.2.0.tgz",
      "integrity": "sha512-Ozwh70BPGXzWKjhyIPN9IwvGOgvqld678ibr8XYBtG4tiC0zEd9O2qoMF7HqOF2DdxxCk4d6+YzwdaC1/eNiNA==",
      "dependencies": {
        "@solana/addresses": "2.2.0",
        "@solana/errors": "2.2.0"
      },
      "engines": {
        "node": ">=20.18.0"
      },
      "peerDependencies": {
        "typescript": ">=5.3.3"
      }
    },
    "node_modules/@solana/promises": {
      "version": "2.2.0",
      "resolved": "https://registry.npmjs.org/@solana/promises/-/promises-2.2.0.tgz",
      "integrity": "sha512-7nyyNSknMJGoTvn2BZhj8vszL1eQ4KbuhodOS2CRms/CaQM8KHp9LIXS8/VFGWtQ+mwrTrBeINOIHUzrkyTVpA==",
      "engines": {
        "node": ">=20.18.0"
      },
      "peerDependencies": {
        "typescript": ">=5.3.3"
      }
    },
    "node_modules/@solana/rpc": {
      "version": "2.2.0",
      "resolved": "https://registry.npmjs.org/@solana/rpc/-/rpc-2.2.0.tgz",
      "integrity": "sha512-KQWEkGAzMrJ+XtS8BE/b1B50HBkb6lhBY3pHH2u31C45/PiewGrL37fsb5ziR6Eax/9W+7Y5BaaGI2efLzgvjA==",
      "dependencies": {
        "@solana/errors": "2.2.0",
        "@solana/fast-stable-stringify": "2.2.0",
        "@solana/functional": "2.2.0",
        "@solana/rpc-api": "2.2.0",
        "@solana/rpc-spec": "2.2.0",
        "@solana/rpc-spec-types": "2.2.0",
        "@solana/rpc-transformers": "2.2.0",
        "@solana/rpc-transport-http": "2.2.0",
        "@solana/rpc-types": "2.2.0"
      },
      "engines": {
        "node": ">=20.18.0"
      },
      "peerDependencies": {
        "typescript": ">=5.3.3"
      }
    },
    "node_modules/@solana/rpc-api": {
      "version": "2.2.0",
      "resolved": "https://registry.npmjs.org/@solana/rpc-api/-/rpc-api-2.2.0.tgz",
      "integrity": "sha512-a9k9nnARt+rlKruRk/o6xrXszxYTpmpo574RuIWGjWiaNPMr4l2iafPfz42XvbF/AAUEJZ5BuQElNf1UVpe0sg==",
      "dependencies": {
        "@solana/addresses": "2.2.0",
        "@solana/codecs-core": "2.2.0",
        "@solana/codecs-strings": "2.2.0",
        "@solana/errors": "2.2.0",
        "@solana/keys": "2.2.0",
        "@solana/rpc-parsed-types": "2.2.0",
        "@solana/rpc-spec": "2.2.0",
        "@solana/rpc-transformers": "2.2.0",
        "@solana/rpc-types": "2.2.0",
        "@solana/transaction-messages": "2.2.0",
        "@solana/transactions": "2.2.0"
      },
      "engines": {
        "node": ">=20.18.0"
      },
      "peerDependencies": {
        "typescript": ">=5.3.3"
      }
    },
    "node_modules/@solana/rpc-parsed-types": {
      "version": "2.2.0",
      "resolved": "https://registry.npmjs.org/@solana/rpc-parsed-types/-/rpc-parsed-types-2.2.0.tgz",
      "integrity": "sha512-jKeieq+svPpveKT2TAm00qz6vWoPEJjTa21SV3xL9V8YT3p1rTgPLyPZYih3Yxv9jBHmOJU7kxzvXVmQ5ndnJA==",
      "engines": {
        "node": ">=20.18.0"
      },
      "peerDependencies": {
        "typescript": ">=5.3.3"
      }
    },
    "node_modules/@solana/rpc-spec": {
      "version": "2.2.0",
      "resolved": "https://registry.npmjs.org/@solana/rpc-spec/-/rpc-spec-2.2.0.tgz",
      "integrity": "sha512-PxK/A0gnaYB8EWV3huqkMjY08TPNuTVKOcxJxsa+D4015HujnUmmLNTUEsxRwRCBc5C40vJURJCO/6r6T8O6nA==",
      "dependencies": {
        "@solana/errors": "2.2.0",
        "@solana/rpc-spec-types": "2.2.0"
      },
      "engines": {
        "node": ">=20.18.0"
      },
      "peerDependencies": {
        "typescript": ">=5.3.3"
      }
    },
    "node_modules/@solana/rpc-spec-types": {
      "version": "2.2.0",
      "resolved": "https://registry.npmjs.org/@solana/rpc-spec-types/-/rpc-spec-types-2.2.0.tgz",
      "integrity": "sha512-tFQEztdjU75uyBuLFKkagiMEvEI5SH8sF3FW8RQ73jwt4hLVDVvOn3xHo/sK96/vNnHcSVwuGGmlglpv9KKwWQ==",
      "engines": {
        "node": ">=20.18.0"
      },
      "peerDependencies": {
        "typescript": ">=5.3.3"
      }
    },
    "node_modules/@solana/rpc-subscriptions": {
      "version": "2.2.0",
      "resolved": "https://registry.npmjs.org/@solana/rpc-subscriptions/-/rpc-subscriptions-2.2.0.tgz",
      "integrity": "sha512-1/LK9V0pXso8HFxvpnf+37XoUNn2fRXcUTynY/kOrorwAbwIjgL9Ac/gtL4pvAj0iYu5E7atl6FklJsPTGGCxQ==",
      "dependencies": {
        "@solana/errors": "2.2.0",
        "@solana/fast-stable-stringify": "2.2.0",
        "@solana/functional": "2.2.0",
        "@solana/promises": "2.2.0",
        "@solana/rpc-spec-types": "2.2.0",
        "@solana/rpc-subscriptions-api": "2.2.0",
        "@solana/rpc-subscriptions-channel-websocket": "2.2.0",
        "@solana/rpc-subscriptions-spec": "2.2.0",
        "@solana/rpc-transformers": "2.2.0",
        "@solana/rpc-types": "2.2.0",
        "@solana/subscribable": "2.2.0"
      },
      "engines": {
        "node": ">=20.18.0"
      },
      "peerDependencies": {
        "typescript": ">=5.3.3"
      }
    },
    "node_modules/@solana/rpc-subscriptions-api": {
      "version": "2.2.0",
      "resolved": "https://registry.npmjs.org/@solana/rpc-subscriptions-api/-/rpc-subscriptions-api-2.2.0.tgz",
      "integrity": "sha512-+rcDZrjruyBYJ1ek03meswvcjk/5QnbBQoaFgsjF2E4DSfMljhEiKZJUucLZUjXCCmFvRtuorJwFpLUVhJWsig==",
      "dependencies": {
        "@solana/addresses": "2.2.0",
        "@solana/keys": "2.2.0",
        "@solana/rpc-subscriptions-spec": "2.2.0",
        "@solana/rpc-transformers": "2.2.0",
        "@solana/rpc-types": "2.2.0",
        "@solana/transaction-messages": "2.2.0",
        "@solana/transactions": "2.2.0"
      },
      "engines": {
        "node": ">=20.18.0"
      },
      "peerDependencies": {
        "typescript": ">=5.3.3"
      }
    },
    "node_modules/@solana/rpc-subscriptions-channel-websocket": {
      "version": "2.2.0",
      "resolved": "https://registry.npmjs.org/@solana/rpc-subscriptions-channel-websocket/-/rpc-subscriptions-channel-websocket-2.2.0.tgz",
      "integrity": "sha512-Fwh+qbJ8KTSafj6zyVXXdYGWJnh9+PZZik+RuI493i/Sa6tcT9ngZcdh0ZKdcwsVZYRnie9Rlheqd30KeFTnpw==",
      "dependencies": {
        "@solana/errors": "2.2.0",
        "@solana/functional": "2.2.0",
        "@solana/rpc-subscriptions-spec": "2.2.0",
        "@solana/subscribable": "2.2.0"
      },
      "engines": {
        "node": ">=20.18.0"
      },
      "peerDependencies": {
        "typescript": ">=5.3.3",
        "ws": "^8.18.0"
      }
    },
    "node_modules/@solana/rpc-subscriptions-spec": {
      "version": "2.2.0",
      "resolved": "https://registry.npmjs.org/@solana/rpc-subscriptions-spec/-/rpc-subscriptions-spec-2.2.0.tgz",
      "integrity": "sha512-CzorpoLhtOlMpiv3EqZxu8Mdtw3m8kJ1Dp3PPiGM8AKQl1WAzYac/K4rEMrTWmORBmM4qC8Z/Roq+vyDOgiYeA==",
      "dependencies": {
        "@solana/errors": "2.2.0",
        "@solana/promises": "2.2.0",
        "@solana/rpc-spec-types": "2.2.0",
        "@solana/subscribable": "2.2.0"
      },
      "engines": {
        "node": ">=20.18.0"
      },
      "peerDependencies": {
        "typescript": ">=5.3.3"
      }
    },
    "node_modules/@solana/rpc-transformers": {
      "version": "2.2.0",
      "resolved": "https://registry.npmjs.org/@solana/rpc-transformers/-/rpc-transformers-2.2.0.tgz",
      "integrity": "sha512-ny8XcfQWwT+f2RB89l8KF921g61asmHLGfIKdorYSbvZVE/RddRcd6ek90nqoX6+qQSBLp09nabLeNaJ7SB2yQ==",
      "dependencies": {
        "@solana/errors": "2.2.0",
        "@solana/functional": "2.2.0",
        "@solana/nominal-types": "2.2.0",
        "@solana/rpc-spec-types": "2.2.0",
        "@solana/rpc-types": "2.2.0"
      },
      "engines": {
        "node": ">=20.18.0"
      },
      "peerDependencies": {
        "typescript": ">=5.3.3"
      }
    },
    "node_modules/@solana/rpc-transport-http": {
      "version": "2.2.0",
      "resolved": "https://registry.npmjs.org/@solana/rpc-transport-http/-/rpc-transport-http-2.2.0.tgz",
      "integrity": "sha512-0vzXKWjQQF5O8/xRJMLQCRwa0mjZfoU7Yrf4wuIbcNQARwbfq5ugQEtdodA5MBr8wROxaSmI1Aqw0a+EF6Ar9A==",
      "dependencies": {
        "@solana/errors": "2.2.0",
        "@solana/rpc-spec": "2.2.0",
        "@solana/rpc-spec-types": "2.2.0",
        "undici-types": "^7.9.0"
      },
      "engines": {
        "node": ">=20.18.0"
      },
      "peerDependencies": {
        "typescript": ">=5.3.3"
      }
    },
    "node_modules/@solana/rpc-types": {
      "version": "2.2.0",
      "resolved": "https://registry.npmjs.org/@solana/rpc-types/-/rpc-types-2.2.0.tgz",
      "integrity": "sha512-l+165u+49mq4E1M2VE5rBE0TfO5KIRWJAqNXDZz3KQGaOI7eZVHKzeXot8Gq/1WrRsTCyQdZ2QIg89PIZHvq9g==",
      "dependencies": {
        "@solana/addresses": "2.2.0",
        "@solana/codecs-core": "2.2.0",
        "@solana/codecs-numbers": "2.2.0",
        "@solana/codecs-strings": "2.2.0",
        "@solana/errors": "2.2.0",
        "@solana/nominal-types": "2.2.0"
      },
      "engines": {
        "node": ">=20.18.0"
      },
      "peerDependencies": {
        "typescript": ">=5.3.3"
      }
    },
    "node_modules/@solana/signers": {
      "version": "2.2.0",
      "resolved": "https://registry.npmjs.org/@solana/signers/-/signers-2.2.0.tgz",
      "integrity": "sha512-xRKJ/fcEVLR4Nb7BVLVvHNn8dDqzNX1dXmJKvu7HjY1K7+VRcOKXiQALX7QZ2Zjdt7PELMREd7CoWoAMHcqXhw==",
      "dependencies": {
        "@solana/addresses": "2.2.0",
        "@solana/codecs-core": "2.2.0",
        "@solana/errors": "2.2.0",
        "@solana/instructions": "2.2.0",
        "@solana/keys": "2.2.0",
        "@solana/nominal-types": "2.2.0",
        "@solana/transaction-messages": "2.2.0",
        "@solana/transactions": "2.2.0"
      },
      "engines": {
        "node": ">=20.18.0"
      },
      "peerDependencies": {
        "typescript": ">=5.3.3"
      }
    },
    "node_modules/@solana/subscribable": {
      "version": "2.2.0",
      "resolved": "https://registry.npmjs.org/@solana/subscribable/-/subscribable-2.2.0.tgz",
      "integrity": "sha512-WR9kcHJ57n7eldiGrKRE6VTZWealBaMzN9ZCjr7tSOa4XDUn7cI6e6E4kU/lLbL1/VOm7RjpZnv/AwQN1pc8cw==",
      "dependencies": {
        "@solana/errors": "2.2.0"
      },
      "engines": {
        "node": ">=20.18.0"
      },
      "peerDependencies": {
        "typescript": ">=5.3.3"
      }
    },
    "node_modules/@solana/sysvars": {
      "version": "2.2.0",
      "resolved": "https://registry.npmjs.org/@solana/sysvars/-/sysvars-2.2.0.tgz",
      "integrity": "sha512-TqgGTIzC6QFWkDWM3jdlHXF8q1+LiiTB/hrUQ7LYw6q25d1nJMhzJ0jLMUUJrJkSw7lqRtAaAQHyoAOZOHC7pw==",
      "dependencies": {
        "@solana/accounts": "2.2.0",
        "@solana/codecs": "2.2.0",
        "@solana/errors": "2.2.0",
        "@solana/rpc-types": "2.2.0"
      },
      "engines": {
        "node": ">=20.18.0"
      },
      "peerDependencies": {
        "typescript": ">=5.3.3"
      }
    },
    "node_modules/@solana/transaction-confirmation": {
      "version": "2.2.0",
      "resolved": "https://registry.npmjs.org/@solana/transaction-confirmation/-/transaction-confirmation-2.2.0.tgz",
      "integrity": "sha512-emCTEdFPe7gyzQyIGHfCX2WvjNf+c1JRAgnfPayanq5dSjJuArejW7h4UrzRzOFCIA6Fk9h/7eTQ1FSOTKjAiQ==",
      "dependencies": {
        "@solana/addresses": "2.2.0",
        "@solana/codecs-strings": "2.2.0",
        "@solana/errors": "2.2.0",
        "@solana/keys": "2.2.0",
        "@solana/promises": "2.2.0",
        "@solana/rpc": "2.2.0",
        "@solana/rpc-subscriptions": "2.2.0",
        "@solana/rpc-types": "2.2.0",
        "@solana/transaction-messages": "2.2.0",
        "@solana/transactions": "2.2.0"
      },
      "engines": {
        "node": ">=20.18.0"
      },
      "peerDependencies": {
        "typescript": ">=5.3.3"
      }
    },
    "node_modules/@solana/transaction-messages": {
      "version": "2.2.0",
      "resolved": "https://registry.npmjs.org/@solana/transaction-messages/-/transaction-messages-2.2.0.tgz",
      "integrity": "sha512-iYalNLgtfXvrWWy1itFT6nd+IRWK7LhTaewnfgUa2JhipFhLZMlE6BLSrJvjUtglok2YhQhzIfECY/fP/hrn1Q==",
      "dependencies": {
        "@solana/addresses": "2.2.0",
        "@solana/codecs-core": "2.2.0",
        "@solana/codecs-data-structures": "2.2.0",
        "@solana/codecs-numbers": "2.2.0",
        "@solana/errors": "2.2.0",
        "@solana/functional": "2.2.0",
        "@solana/instructions": "2.2.0",
        "@solana/nominal-types": "2.2.0",
        "@solana/rpc-types": "2.2.0"
      },
      "engines": {
        "node": ">=20.18.0"
      },
      "peerDependencies": {
        "typescript": ">=5.3.3"
      }
    },
    "node_modules/@solana/transactions": {
      "version": "2.2.0",
      "resolved": "https://registry.npmjs.org/@solana/transactions/-/transactions-2.2.0.tgz",
      "integrity": "sha512-ygwOSJx1m6/6vJqo1zihZyBjyocE8n4FYS+gxO44g0rfd9OFjZ1A2KfgxE5Yn+34FzVo0ouymIfyGsdI/Evfyg==",
      "dependencies": {
        "@solana/addresses": "2.2.0",
        "@solana/codecs-core": "2.2.0",
        "@solana/codecs-data-structures": "2.2.0",
        "@solana/codecs-numbers": "2.2.0",
        "@solana/codecs-strings": "2.2.0",
        "@solana/errors": "2.2.0",
        "@solana/functional": "2.2.0",
        "@solana/instructions": "2.2.0",
        "@solana/keys": "2.2.0",
        "@solana/nominal-types": "2.2.0",
        "@solana/rpc-types": "2.2.0",
        "@solana/transaction-messages": "2.2.0"
      },
      "engines": {
        "node": ">=20.18.0"
      },
      "peerDependencies": {
        "typescript": ">=5.3.3"
      }
    },
    "node_modules/@solanacore/bonding_curve": {
      "version": "0.0.1",
      "resolved": "https://registry.npmjs.org/@solanacore/bonding_curve/-/bonding_curve-0.0.1.tgz",
      "integrity": "sha512-OOCii5QoB6wbCmz4dtvOIa/89wYDSsg60AzSMgkw4X6PNOwC9ea5WuyYB4tG/3Pw+ZQauLG6ey4LQyZ7DCXmXw==",
      "license": "MIT",
      "dependencies": {
        "@solana/kit": "^2.1.1",
        "prettier": "^3.6.1",
        "tsc": "^2.0.4",
        "typescript": "^5.8.3"
      }
    },
    "node_modules/@types/node": {
      "version": "24.0.10",
      "resolved": "https://registry.npmjs.org/@types/node/-/node-24.0.10.tgz",
      "integrity": "sha512-ENHwaH+JIRTDIEEbDK6QSQntAYGtbvdDXnMXnZaZ6k13Du1dPMmprkEHIL7ok2Wl2aZevetwTAb5S+7yIF+enA==",
      "dev": true,
      "dependencies": {
        "undici-types": "~7.8.0"
      }
    },
    "node_modules/@types/node/node_modules/undici-types": {
      "version": "7.8.0",
      "resolved": "https://registry.npmjs.org/undici-types/-/undici-types-7.8.0.tgz",
      "integrity": "sha512-9UJ2xGDvQ43tYyVMpuHlsgApydB8ZKfVYTsLDhXkFL/6gfkp+U8xTGdh8pMJv1SpZna0zxG1DwsKZsreLbXBxw==",
      "dev": true,
      "license": "MIT"
    },
    "node_modules/chalk": {
      "version": "5.4.1",
      "resolved": "https://registry.npmjs.org/chalk/-/chalk-5.4.1.tgz",
      "integrity": "sha512-zgVZuo2WcZgfUEmsn6eO3kINexW8RAE4maiQ8QNs8CtpPCSyMiYsULR3HQYkm3w8FIA3SberyMJMSldGsW+U3w==",
      "engines": {
        "node": "^12.17.0 || ^14.13 || >=16.0.0"
      },
      "funding": {
        "url": "https://github.com/chalk/chalk?sponsor=1"
      }
    },
    "node_modules/commander": {
      "version": "13.1.0",
      "resolved": "https://registry.npmjs.org/commander/-/commander-13.1.0.tgz",
      "integrity": "sha512-/rFeCpNJQbhSZjGVwO9RFV3xPqbnERS8MmIQzCtD/zl6gpJuV/bMLuN92oG3F7d8oDEHHRrujSXNUr8fpjntKw==",
      "engines": {
        "node": ">=18"
      }
    },
    "node_modules/fastestsmallesttextencoderdecoder": {
      "version": "1.0.22",
      "resolved": "https://registry.npmjs.org/fastestsmallesttextencoderdecoder/-/fastestsmallesttextencoderdecoder-1.0.22.tgz",
      "integrity": "sha512-Pb8d48e+oIuY4MaM64Cd7OW1gt4nxCHs7/ddPPZ/Ic3sg8yVGM7O9wDvZ7us6ScaUupzM+pfBolwtYhN1IxBIw==",
      "peer": true
    },
    "node_modules/prettier": {
      "version": "3.6.2",
      "resolved": "https://registry.npmjs.org/prettier/-/prettier-3.6.2.tgz",
      "integrity": "sha512-I7AIg5boAr5R0FFtJ6rCfD+LFsWHp81dolrFD8S79U9tb8Az2nGrJncnMSnys+bpQJfRUzqs9hnA81OAA3hCuQ==",
      "license": "MIT",
      "bin": {
        "prettier": "bin/prettier.cjs"
      },
      "engines": {
        "node": ">=14"
      },
      "funding": {
        "url": "https://github.com/prettier/prettier?sponsor=1"
      }
    },
    "node_modules/tsc": {
      "version": "2.0.4",
      "resolved": "https://registry.npmjs.org/tsc/-/tsc-2.0.4.tgz",
      "integrity": "sha512-fzoSieZI5KKJVBYGvwbVZs/J5za84f2lSTLPYf6AGiIf43tZ3GNrI1QzTLcjtyDDP4aLxd46RTZq1nQxe7+k5Q==",
      "license": "MIT",
      "bin": {
        "tsc": "bin/tsc"
      }
    },
    "node_modules/typescript": {
      "version": "5.8.3",
      "resolved": "https://registry.npmjs.org/typescript/-/typescript-5.8.3.tgz",
      "integrity": "sha512-p1diW6TqL9L07nNxvRMM7hMMw4c5XOo/1ibL4aAIGmSAt9slTE1Xgw5KWuof2uTOvCg9BY7ZRi+GaF+7sfgPeQ==",
      "license": "Apache-2.0",
      "bin": {
        "tsc": "bin/tsc",
        "tsserver": "bin/tsserver"
      },
      "engines": {
        "node": ">=14.17"
      }
    },
    "node_modules/undici-types": {
      "version": "7.11.0",
      "resolved": "https://registry.npmjs.org/undici-types/-/undici-types-7.11.0.tgz",
      "integrity": "sha512-kt1ZriHTi7MU+Z/r9DOdAI3ONdaR3M3csEaRc6ewa4f4dTvX4cQCbJ4NkEn0ohE4hHtq85+PhPSTY+pO/1PwgA=="
    },
    "node_modules/ws": {
      "version": "8.18.3",
      "resolved": "https://registry.npmjs.org/ws/-/ws-8.18.3.tgz",
      "integrity": "sha512-PEIGCY5tSlUt50cqyMXfCzX+oOPqN0vuGqWzbcJ2xvnkzkq46oOpz7dQaTDBdfICb4N14+GARUDw2XV2N4tvzg==",
      "peer": true,
      "engines": {
        "node": ">=10.0.0"
      },
      "peerDependencies": {
        "bufferutil": "^4.0.1",
        "utf-8-validate": ">=5.0.2"
      },
      "peerDependenciesMeta": {
        "bufferutil": {
          "optional": true
        },
        "utf-8-validate": {
          "optional": true
        }
      }
    }
  }
}
